#MicroXplorer Configuration settings - do not modify
ADC1.Channel-0\#ChannelRegularConversion=ADC_CHANNEL_4
ADC1.IPParameters=Rank-0\#ChannelRegularConversion,master,Channel-0\#ChannelRegularConversion,SamplingTime-0\#ChannelRegularConversion,NbrOfConversionFlag,Resolution
ADC1.NbrOfConversionFlag=1
ADC1.Rank-0\#ChannelRegularConversion=1
ADC1.Resolution=ADC_RESOLUTION_8B
ADC1.SamplingTime-0\#ChannelRegularConversion=ADC_SAMPLETIME_3CYCLES
ADC1.master=1
CAN1.ABOM=ENABLE
CAN1.AWUM=DISABLE
CAN1.BS1=CAN_BS1_11TQ
CAN1.BS2=CAN_BS2_2TQ
CAN1.CalculateBaudRate=250000
CAN1.CalculateTimeBit=4000
CAN1.CalculateTimeQuantum=285.7142857142857
CAN1.IPParameters=CalculateTimeQuantum,Prescaler,BS1,BS2,SJW,ABOM,AWUM,NART,TXFP,RFLM,CalculateTimeBit,CalculateBaudRate
CAN1.NART=ENABLE
CAN1.Prescaler=12
CAN1.RFLM=ENABLE
CAN1.SJW=CAN_SJW_1TQ
CAN1.TXFP=ENABLE
Dma.Request0=TIM1_CH1
Dma.Request1=TIM1_CH2
Dma.Request2=TIM2_CH1
Dma.Request3=TIM2_CH2/CH4
Dma.Request4=TIM3_CH3
Dma.Request5=TIM3_CH4/UP
Dma.Request6=TIM4_CH1
Dma.Request7=TIM4_CH2
Dma.RequestsNb=8
Dma.TIM1_CH1.0.Direction=DMA_MEMORY_TO_PERIPH
Dma.TIM1_CH1.0.FIFOMode=DMA_FIFOMODE_DISABLE
Dma.TIM1_CH1.0.Instance=DMA2_Stream1
Dma.TIM1_CH1.0.MemDataAlignment=DMA_MDATAALIGN_HALFWORD
Dma.TIM1_CH1.0.MemInc=DMA_MINC_ENABLE
Dma.TIM1_CH1.0.Mode=DMA_CIRCULAR
Dma.TIM1_CH1.0.PeriphDataAlignment=DMA_PDATAALIGN_HALFWORD
Dma.TIM1_CH1.0.PeriphInc=DMA_PINC_DISABLE
Dma.TIM1_CH1.0.Priority=DMA_PRIORITY_LOW
Dma.TIM1_CH1.0.RequestParameters=Instance,Direction,PeriphInc,MemInc,PeriphDataAlignment,MemDataAlignment,Mode,Priority,FIFOMode
Dma.TIM1_CH2.1.Direction=DMA_MEMORY_TO_PERIPH
Dma.TIM1_CH2.1.FIFOMode=DMA_FIFOMODE_DISABLE
Dma.TIM1_CH2.1.Instance=DMA2_Stream2
Dma.TIM1_CH2.1.MemDataAlignment=DMA_MDATAALIGN_HALFWORD
Dma.TIM1_CH2.1.MemInc=DMA_MINC_ENABLE
Dma.TIM1_CH2.1.Mode=DMA_CIRCULAR
Dma.TIM1_CH2.1.PeriphDataAlignment=DMA_PDATAALIGN_HALFWORD
Dma.TIM1_CH2.1.PeriphInc=DMA_PINC_DISABLE
Dma.TIM1_CH2.1.Priority=DMA_PRIORITY_LOW
Dma.TIM1_CH2.1.RequestParameters=Instance,Direction,PeriphInc,MemInc,PeriphDataAlignment,MemDataAlignment,Mode,Priority,FIFOMode
Dma.TIM2_CH1.2.Direction=DMA_MEMORY_TO_PERIPH
Dma.TIM2_CH1.2.FIFOMode=DMA_FIFOMODE_DISABLE
Dma.TIM2_CH1.2.Instance=DMA1_Stream5
Dma.TIM2_CH1.2.MemDataAlignment=DMA_MDATAALIGN_HALFWORD
Dma.TIM2_CH1.2.MemInc=DMA_MINC_ENABLE
Dma.TIM2_CH1.2.Mode=DMA_CIRCULAR
Dma.TIM2_CH1.2.PeriphDataAlignment=DMA_PDATAALIGN_HALFWORD
Dma.TIM2_CH1.2.PeriphInc=DMA_PINC_DISABLE
Dma.TIM2_CH1.2.Priority=DMA_PRIORITY_LOW
Dma.TIM2_CH1.2.RequestParameters=Instance,Direction,PeriphInc,MemInc,PeriphDataAlignment,MemDataAlignment,Mode,Priority,FIFOMode
Dma.TIM2_CH2/CH4.3.Direction=DMA_MEMORY_TO_PERIPH
Dma.TIM2_CH2/CH4.3.FIFOMode=DMA_FIFOMODE_DISABLE
Dma.TIM2_CH2/CH4.3.Instance=DMA1_Stream6
Dma.TIM2_CH2/CH4.3.MemDataAlignment=DMA_MDATAALIGN_HALFWORD
Dma.TIM2_CH2/CH4.3.MemInc=DMA_MINC_ENABLE
Dma.TIM2_CH2/CH4.3.Mode=DMA_CIRCULAR
Dma.TIM2_CH2/CH4.3.PeriphDataAlignment=DMA_PDATAALIGN_HALFWORD
Dma.TIM2_CH2/CH4.3.PeriphInc=DMA_PINC_DISABLE
Dma.TIM2_CH2/CH4.3.Priority=DMA_PRIORITY_LOW
Dma.TIM2_CH2/CH4.3.RequestParameters=Instance,Direction,PeriphInc,MemInc,PeriphDataAlignment,MemDataAlignment,Mode,Priority,FIFOMode
Dma.TIM3_CH3.4.Direction=DMA_MEMORY_TO_PERIPH
Dma.TIM3_CH3.4.FIFOMode=DMA_FIFOMODE_DISABLE
Dma.TIM3_CH3.4.Instance=DMA1_Stream7
Dma.TIM3_CH3.4.MemDataAlignment=DMA_MDATAALIGN_HALFWORD
Dma.TIM3_CH3.4.MemInc=DMA_MINC_ENABLE
Dma.TIM3_CH3.4.Mode=DMA_CIRCULAR
Dma.TIM3_CH3.4.PeriphDataAlignment=DMA_PDATAALIGN_HALFWORD
Dma.TIM3_CH3.4.PeriphInc=DMA_PINC_DISABLE
Dma.TIM3_CH3.4.Priority=DMA_PRIORITY_LOW
Dma.TIM3_CH3.4.RequestParameters=Instance,Direction,PeriphInc,MemInc,PeriphDataAlignment,MemDataAlignment,Mode,Priority,FIFOMode
Dma.TIM3_CH4/UP.5.Direction=DMA_MEMORY_TO_PERIPH
Dma.TIM3_CH4/UP.5.FIFOMode=DMA_FIFOMODE_DISABLE
Dma.TIM3_CH4/UP.5.Instance=DMA1_Stream2
Dma.TIM3_CH4/UP.5.MemDataAlignment=DMA_MDATAALIGN_HALFWORD
Dma.TIM3_CH4/UP.5.MemInc=DMA_MINC_ENABLE
Dma.TIM3_CH4/UP.5.Mode=DMA_CIRCULAR
Dma.TIM3_CH4/UP.5.PeriphDataAlignment=DMA_PDATAALIGN_HALFWORD
Dma.TIM3_CH4/UP.5.PeriphInc=DMA_PINC_DISABLE
Dma.TIM3_CH4/UP.5.Priority=DMA_PRIORITY_LOW
Dma.TIM3_CH4/UP.5.RequestParameters=Instance,Direction,PeriphInc,MemInc,PeriphDataAlignment,MemDataAlignment,Mode,Priority,FIFOMode
Dma.TIM4_CH1.6.Direction=DMA_MEMORY_TO_PERIPH
Dma.TIM4_CH1.6.FIFOMode=DMA_FIFOMODE_DISABLE
Dma.TIM4_CH1.6.Instance=DMA1_Stream0
Dma.TIM4_CH1.6.MemDataAlignment=DMA_MDATAALIGN_HALFWORD
Dma.TIM4_CH1.6.MemInc=DMA_MINC_ENABLE
Dma.TIM4_CH1.6.Mode=DMA_CIRCULAR
Dma.TIM4_CH1.6.PeriphDataAlignment=DMA_PDATAALIGN_HALFWORD
Dma.TIM4_CH1.6.PeriphInc=DMA_PINC_DISABLE
Dma.TIM4_CH1.6.Priority=DMA_PRIORITY_LOW
Dma.TIM4_CH1.6.RequestParameters=Instance,Direction,PeriphInc,MemInc,PeriphDataAlignment,MemDataAlignment,Mode,Priority,FIFOMode
Dma.TIM4_CH2.7.Direction=DMA_MEMORY_TO_PERIPH
Dma.TIM4_CH2.7.FIFOMode=DMA_FIFOMODE_DISABLE
Dma.TIM4_CH2.7.Instance=DMA1_Stream3
Dma.TIM4_CH2.7.MemDataAlignment=DMA_MDATAALIGN_HALFWORD
Dma.TIM4_CH2.7.MemInc=DMA_MINC_ENABLE
Dma.TIM4_CH2.7.Mode=DMA_CIRCULAR
Dma.TIM4_CH2.7.PeriphDataAlignment=DMA_PDATAALIGN_HALFWORD
Dma.TIM4_CH2.7.PeriphInc=DMA_PINC_DISABLE
Dma.TIM4_CH2.7.Priority=DMA_PRIORITY_LOW
Dma.TIM4_CH2.7.RequestParameters=Instance,Direction,PeriphInc,MemInc,PeriphDataAlignment,MemDataAlignment,Mode,Priority,FIFOMode
FREERTOS.CountingSemaphores01=GeneratePWMSemaphore,30,Dynamic,NULL
FREERTOS.FootprintOK=true
FREERTOS.IPParameters=Tasks01,CountingSemaphores01,FootprintOK,Queues01,Mutexes01
FREERTOS.Mutexes01=MutexChangeParams,Dynamic,NULL
FREERTOS.Queues01=SignalGeneratorQueue,8,tdPwmData,0,Dynamic,NULL,NULL
FREERTOS.Tasks01=defaultTask,24,128,StartDefaultTask,As weak,NULL,Dynamic,NULL,NULL;GenHalfwave,24,128,GenerateHalfwaveTask,As weak,NULL,Dynamic,NULL,NULL;ChngSignalParam,40,128,ChangeSignalParamsTask,As weak,NULL,Dynamic,NULL,NULL;Gen_IT_wave,24,128,Generate_IT_wave,As weak,NULL,Dynamic,NULL,NULL
File.Version=6
KeepUserPlacement=false
Mcu.Family=STM32F4
Mcu.IP0=ADC1
Mcu.IP1=CAN1
Mcu.IP10=TIM3
Mcu.IP11=TIM4
Mcu.IP12=TIM5
Mcu.IP13=TIM7
Mcu.IP14=TIM8
Mcu.IP15=TIM12
Mcu.IP16=UART5
Mcu.IP2=CRC
Mcu.IP3=DMA
Mcu.IP4=FREERTOS
Mcu.IP5=NVIC
Mcu.IP6=RCC
Mcu.IP7=SYS
Mcu.IP8=TIM1
Mcu.IP9=TIM2
Mcu.IPNb=17
Mcu.Name=STM32F405RGTx
Mcu.Package=LQFP64
Mcu.Pin0=PH0-OSC_IN
Mcu.Pin1=PH1-OSC_OUT
Mcu.Pin10=PA4
Mcu.Pin11=PA5
Mcu.Pin12=PA6
Mcu.Pin13=PA7
Mcu.Pin14=PC4
Mcu.Pin15=PC5
Mcu.Pin16=PB0
Mcu.Pin17=PB1
Mcu.Pin18=PB2
Mcu.Pin19=PB10
Mcu.Pin2=PC0
Mcu.Pin20=PB11
Mcu.Pin21=PB12
Mcu.Pin22=PB13
Mcu.Pin23=PB14
Mcu.Pin24=PB15
Mcu.Pin25=PC6
Mcu.Pin26=PC7
Mcu.Pin27=PC8
Mcu.Pin28=PC9
Mcu.Pin29=PA8
Mcu.Pin3=PC1
Mcu.Pin30=PA9
Mcu.Pin31=PA10
Mcu.Pin32=PA11
Mcu.Pin33=PA12
Mcu.Pin34=PA13
Mcu.Pin35=PA14
Mcu.Pin36=PA15
Mcu.Pin37=PC10
Mcu.Pin38=PC11
Mcu.Pin39=PC12
Mcu.Pin4=PC2
Mcu.Pin40=PD2
Mcu.Pin41=PB3
Mcu.Pin42=PB4
Mcu.Pin43=PB5
Mcu.Pin44=PB6
Mcu.Pin45=PB7
Mcu.Pin46=PB8
Mcu.Pin47=PB9
Mcu.Pin48=VP_CRC_VS_CRC
Mcu.Pin49=VP_FREERTOS_VS_CMSIS_V2
Mcu.Pin5=PC3
Mcu.Pin50=VP_SYS_VS_tim6
Mcu.Pin51=VP_TIM5_VS_ClockSourceINT
Mcu.Pin52=VP_TIM7_VS_ClockSourceINT
Mcu.Pin6=PA0-WKUP
Mcu.Pin7=PA1
Mcu.Pin8=PA2
Mcu.Pin9=PA3
Mcu.PinsNb=53
Mcu.ThirdPartyNb=0
Mcu.UserConstants=
Mcu.UserName=STM32F405RGTx
MxCube.Version=6.4.0
MxDb.Version=DB.6.0.40
NVIC.ADC_IRQn=true\:5\:0\:true\:false\:true\:true\:true\:true
NVIC.BusFault_IRQn=true\:0\:0\:false\:false\:true\:false\:false\:false
NVIC.CAN1_RX0_IRQn=true\:5\:0\:false\:false\:true\:true\:true\:true
NVIC.CAN1_RX1_IRQn=true\:5\:0\:false\:false\:true\:true\:true\:true
NVIC.CAN1_SCE_IRQn=true\:5\:0\:false\:false\:true\:true\:true\:true
NVIC.CAN1_TX_IRQn=true\:5\:0\:false\:false\:true\:true\:true\:true
NVIC.DMA1_Stream0_IRQn=true\:5\:0\:false\:false\:true\:true\:false\:true
NVIC.DMA1_Stream2_IRQn=true\:5\:0\:false\:false\:true\:true\:false\:true
NVIC.DMA1_Stream3_IRQn=true\:5\:0\:false\:false\:true\:true\:false\:true
NVIC.DMA1_Stream5_IRQn=true\:5\:0\:false\:false\:true\:true\:false\:true
NVIC.DMA1_Stream6_IRQn=true\:5\:0\:false\:false\:true\:true\:false\:true
NVIC.DMA1_Stream7_IRQn=true\:5\:0\:false\:false\:true\:true\:false\:true
NVIC.DMA2_Stream1_IRQn=true\:5\:0\:false\:false\:true\:true\:false\:true
NVIC.DMA2_Stream2_IRQn=true\:5\:0\:false\:false\:true\:true\:false\:true
NVIC.DebugMonitor_IRQn=true\:0\:0\:false\:false\:true\:false\:false\:false
NVIC.ForceEnableDMAVector=true
NVIC.HardFault_IRQn=true\:0\:0\:false\:false\:true\:false\:false\:false
NVIC.MemoryManagement_IRQn=true\:0\:0\:false\:false\:true\:false\:false\:false
NVIC.NonMaskableInt_IRQn=true\:0\:0\:false\:false\:true\:false\:false\:false
NVIC.PendSV_IRQn=true\:15\:0\:false\:false\:false\:true\:false\:false
NVIC.PriorityGroup=NVIC_PRIORITYGROUP_4
NVIC.SVCall_IRQn=true\:0\:0\:false\:false\:false\:false\:false\:false
NVIC.SavedPendsvIrqHandlerGenerated=true
NVIC.SavedSvcallIrqHandlerGenerated=true
NVIC.SavedSystickIrqHandlerGenerated=true
NVIC.SysTick_IRQn=true\:15\:0\:false\:false\:false\:true\:false\:true
NVIC.TIM5_IRQn=true\:5\:0\:false\:false\:true\:true\:true\:true
NVIC.TIM6_DAC_IRQn=true\:15\:0\:false\:false\:true\:false\:false\:true
NVIC.TIM7_IRQn=true\:5\:0\:false\:false\:true\:true\:true\:true
NVIC.TimeBase=TIM6_DAC_IRQn
NVIC.TimeBaseIP=TIM6
NVIC.UART5_IRQn=true\:5\:0\:false\:false\:true\:true\:true\:true
NVIC.UsageFault_IRQn=true\:0\:0\:false\:false\:true\:false\:false\:false
PA0-WKUP.GPIOParameters=GPIO_Label
PA0-WKUP.GPIO_Label=ADC1_IN0_IND1_POS
PA0-WKUP.Locked=true
PA0-WKUP.Signal=ADCx_IN0
PA1.GPIOParameters=GPIO_Label
PA1.GPIO_Label=ADC1_IN1_IND1_NEG
PA1.Locked=true
PA1.Signal=ADCx_IN1
PA10.GPIOParameters=GPIO_Label
PA10.GPIO_Label=LED2_GREEN
PA10.Locked=true
PA10.Signal=GPIO_Output
PA11.Locked=true
PA11.Mode=CAN_Activate
PA11.Signal=CAN1_RX
PA12.Locked=true
PA12.Mode=CAN_Activate
PA12.Signal=CAN1_TX
PA13.Mode=Serial_Wire
PA13.Signal=SYS_JTMS-SWDIO
PA14.Mode=Serial_Wire
PA14.Signal=SYS_JTCK-SWCLK
PA15.GPIOParameters=GPIO_Speed,GPIO_PuPd,GPIO_Label
PA15.GPIO_Label=IND2_POS
PA15.GPIO_PuPd=GPIO_NOPULL
PA15.GPIO_Speed=GPIO_SPEED_FREQ_HIGH
PA15.Locked=true
PA15.Signal=S_TIM2_CH1_ETR
PA2.GPIOParameters=GPIO_Label
PA2.GPIO_Label=ADC1_IN2_IND2_POS
PA2.Locked=true
PA2.Signal=ADCx_IN2
PA3.GPIOParameters=GPIO_Label
PA3.GPIO_Label=ADC1_IN3_IND2_NEG
PA3.Locked=true
PA3.Signal=ADCx_IN3
PA4.GPIOParameters=GPIO_Label
PA4.GPIO_Label=ADC1_IN4_IND3_POS
PA4.Locked=true
PA4.Signal=ADCx_IN4
PA5.GPIOParameters=GPIO_Label
PA5.GPIO_Label=ADC1_IN5_IND3_NEG
PA5.Locked=true
PA5.Signal=ADCx_IN5
PA6.GPIOParameters=GPIO_Label
PA6.GPIO_Label=ADC1_IN6_IND4_POS
PA6.Locked=true
PA6.Signal=ADCx_IN6
PA7.GPIOParameters=GPIO_Label
PA7.GPIO_Label=ADC1_IN7_IND4_NEG
PA7.Locked=true
PA7.Signal=ADCx_IN7
PA8.GPIOParameters=GPIO_Speed,GPIO_PuPd,GPIO_Label
PA8.GPIO_Label=IND1_POS
PA8.GPIO_PuPd=GPIO_NOPULL
PA8.GPIO_Speed=GPIO_SPEED_FREQ_HIGH
PA8.Locked=true
PA8.Signal=S_TIM1_CH1
PA9.GPIOParameters=GPIO_Speed,GPIO_PuPd,GPIO_Label
PA9.GPIO_Label=IND1_NEG
PA9.GPIO_PuPd=GPIO_NOPULL
PA9.GPIO_Speed=GPIO_SPEED_FREQ_HIGH
PA9.Locked=true
PA9.Signal=S_TIM1_CH2
PB0.GPIOParameters=GPIO_Label
PB0.GPIO_Label=ADC1_IN8_IND5_POS
PB0.Locked=true
PB0.Signal=ADCx_IN8
PB1.GPIOParameters=GPIO_Label
PB1.GPIO_Label=ADC1_IN9_IND5_NEG
PB1.Locked=true
PB1.Signal=ADCx_IN9
PB10.GPIOParameters=GPIO_Speed,GPIO_PuPd,GPIO_Label
PB10.GPIO_Label=IND5_POS
PB10.GPIO_PuPd=GPIO_NOPULL
PB10.GPIO_Speed=GPIO_SPEED_FREQ_HIGH
PB10.Locked=true
PB10.Signal=S_TIM2_CH3
PB11.GPIOParameters=GPIO_Speed,GPIO_PuPd,GPIO_Label
PB11.GPIO_Label=IND5_NEG
PB11.GPIO_PuPd=GPIO_NOPULL
PB11.GPIO_Speed=GPIO_SPEED_FREQ_HIGH
PB11.Locked=true
PB11.Signal=S_TIM2_CH4
PB12.GPIOParameters=GPIO_Label
PB12.GPIO_Label=TEST_MODE
PB12.Locked=true
PB12.Signal=GPIO_Input
PB13.GPIOParameters=GPIO_Label
PB13.GPIO_Label=LED1_GREEN
PB13.Locked=true
PB13.Signal=GPIO_Output
PB14.GPIOParameters=GPIO_Speed,GPIO_Label
PB14.GPIO_Label=IND6_POS
PB14.GPIO_Speed=GPIO_SPEED_FREQ_HIGH
PB14.Locked=true
PB14.Signal=S_TIM12_CH1
PB15.GPIOParameters=GPIO_Speed,GPIO_Label
PB15.GPIO_Label=IND6_NEG
PB15.GPIO_Speed=GPIO_SPEED_FREQ_HIGH
PB15.Locked=true
PB15.Signal=S_TIM12_CH2
PB2.GPIOParameters=GPIO_Label
PB2.GPIO_Label=BOOT1
PB2.Locked=true
PB2.Signal=GPIO_Input
PB3.GPIOParameters=GPIO_Speed,GPIO_PuPd,GPIO_Label
PB3.GPIO_Label=IND2_NEG
PB3.GPIO_PuPd=GPIO_NOPULL
PB3.GPIO_Speed=GPIO_SPEED_FREQ_HIGH
PB3.Locked=true
PB3.Signal=S_TIM2_CH2
PB4.GPIOParameters=GPIO_Speed,GPIO_PuPd,GPIO_Label
PB4.GPIO_Label=IND3_POS
PB4.GPIO_PuPd=GPIO_NOPULL
PB4.GPIO_Speed=GPIO_SPEED_FREQ_HIGH
PB4.Locked=true
PB4.Signal=S_TIM3_CH1
PB5.GPIOParameters=GPIO_Speed,GPIO_PuPd,GPIO_Label
PB5.GPIO_Label=IND3_NEG
PB5.GPIO_PuPd=GPIO_NOPULL
PB5.GPIO_Speed=GPIO_SPEED_FREQ_HIGH
PB5.Locked=true
PB5.Signal=S_TIM3_CH2
PB6.GPIOParameters=GPIO_Speed,GPIO_Label
PB6.GPIO_Label=IND4_POS
PB6.GPIO_Speed=GPIO_SPEED_FREQ_HIGH
PB6.Locked=true
PB6.Signal=S_TIM4_CH1
PB7.GPIOParameters=GPIO_Speed,GPIO_Label
PB7.GPIO_Label=IND4_NEG
PB7.GPIO_Speed=GPIO_SPEED_FREQ_HIGH
PB7.Locked=true
PB7.Signal=S_TIM4_CH2
PB8.GPIOParameters=GPIO_Speed,GPIO_Label
PB8.GPIO_Label=RESERVE_1
PB8.GPIO_Speed=GPIO_SPEED_FREQ_HIGH
PB8.Locked=true
PB8.Signal=S_TIM4_CH3
PB9.GPIOParameters=GPIO_Speed,GPIO_Label
PB9.GPIO_Label=RESERVE_2
PB9.GPIO_Speed=GPIO_SPEED_FREQ_HIGH
PB9.Locked=true
PB9.Signal=S_TIM4_CH4
PC0.GPIOParameters=GPIO_Label
PC0.GPIO_Label=ADC1_IN10_IND6_POS
PC0.Locked=true
PC0.Signal=ADCx_IN10
PC1.GPIOParameters=GPIO_Label
PC1.GPIO_Label=ADC1_IN11_IND6_NEG
PC1.Locked=true
PC1.Signal=ADCx_IN11
PC10.GPIOParameters=GPIO_Label
PC10.GPIO_Label=LED3_RED
PC10.Locked=true
PC10.Signal=GPIO_Output
PC11.GPIOParameters=GPIO_Label
PC11.GPIO_Label=LED4_RED
PC11.Locked=true
PC11.Signal=GPIO_Output
PC12.Locked=true
PC12.Mode=Asynchronous
PC12.Signal=UART5_TX
PC2.GPIOParameters=GPIO_Label
PC2.GPIO_Label=ADC1_IN12_IND7_POS
PC2.Locked=true
PC2.Signal=ADCx_IN12
PC3.GPIOParameters=GPIO_Label
PC3.GPIO_Label=ADC1_IN13_IND7_NEG
PC3.Locked=true
PC3.Signal=ADCx_IN13
PC4.GPIOParameters=GPIO_Label
PC4.GPIO_Label=ADC1_IN14_IND8_POS
PC4.Locked=true
PC4.Signal=ADCx_IN14
PC5.GPIOParameters=GPIO_Label
PC5.GPIO_Label=ADC1_IN15_IND8_NEG
PC5.Locked=true
PC5.Signal=ADCx_IN15
PC6.GPIOParameters=GPIO_Speed,GPIO_Label
PC6.GPIO_Label=IND8_POS
PC6.GPIO_Speed=GPIO_SPEED_FREQ_HIGH
PC6.Locked=true
PC6.Signal=S_TIM8_CH1
PC7.GPIOParameters=GPIO_Speed,GPIO_Label
PC7.GPIO_Label=IND8_NEG
PC7.GPIO_Speed=GPIO_SPEED_FREQ_HIGH
PC7.Locked=true
PC7.Signal=S_TIM8_CH2
PC8.GPIOParameters=GPIO_Speed,GPIO_PuPd,GPIO_Label
PC8.GPIO_Label=IND7_POS
PC8.GPIO_PuPd=GPIO_NOPULL
PC8.GPIO_Speed=GPIO_SPEED_FREQ_HIGH
PC8.Locked=true
PC8.Signal=S_TIM3_CH3
PC9.GPIOParameters=GPIO_Speed,GPIO_PuPd,GPIO_Label
PC9.GPIO_Label=IND7_NEG
PC9.GPIO_PuPd=GPIO_NOPULL
PC9.GPIO_Speed=GPIO_SPEED_FREQ_HIGH
PC9.Locked=true
PC9.Signal=S_TIM3_CH4
PD2.Locked=true
PD2.Mode=Asynchronous
PD2.Signal=UART5_RX
PH0-OSC_IN.Mode=HSE-External-Oscillator
PH0-OSC_IN.Signal=RCC_OSC_IN
PH1-OSC_OUT.Mode=HSE-External-Oscillator
PH1-OSC_OUT.Signal=RCC_OSC_OUT
PinOutPanel.RotationAngle=90
ProjectManager.AskForMigrate=true
ProjectManager.BackupPrevious=false
ProjectManager.CompilerOptimize=6
ProjectManager.ComputerToolchain=false
ProjectManager.CoupleFile=true
ProjectManager.CustomerFirmwarePackage=
ProjectManager.DefaultFWLocation=true
ProjectManager.DeletePrevious=true
ProjectManager.DeviceId=STM32F405RGTx
ProjectManager.FirmwarePackage=STM32Cube FW_F4 V1.26.2
ProjectManager.FreePins=true
ProjectManager.HalAssertFull=true
ProjectManager.HeapSize=0x2000
ProjectManager.KeepUserCode=true
ProjectManager.LastFirmware=true
ProjectManager.LibraryCopy=0
ProjectManager.MainLocation=Core/Src
ProjectManager.NoMain=false
ProjectManager.PreviousToolchain=
ProjectManager.ProjectBuild=false
ProjectManager.ProjectFileName=405_PA_Driver.ioc
ProjectManager.ProjectName=405_PA_Driver
ProjectManager.RegisterCallBack=TIM,UART
ProjectManager.StackSize=0x2000
ProjectManager.TargetToolchain=EWARM V8.32
ProjectManager.ToolChainLocation=
ProjectManager.UnderRoot=false
ProjectManager.functionlistsort=1-MX_GPIO_Init-GPIO-false-HAL-true,2-SystemClock_Config-RCC-false-HAL-false,3-MX_DMA_Init-DMA-false-HAL-true,4-MX_ADC1_Init-ADC1-false-HAL-true,5-MX_TIM1_Init-TIM1-false-HAL-true,6-MX_TIM2_Init-TIM2-false-HAL-true,7-MX_TIM3_Init-TIM3-false-HAL-true,8-MX_TIM4_Init-TIM4-false-HAL-true,9-MX_TIM8_Init-TIM8-false-HAL-true,10-MX_TIM12_Init-TIM12-false-HAL-true,11-MX_CAN1_Init-CAN1-false-HAL-true,12-MX_CRC_Init-CRC-false-HAL-true,13-MX_TIM5_Init-TIM5-false-HAL-true,14-MX_TIM7_Init-TIM7-false-HAL-true,15-MX_UART5_Init-UART5-false-HAL-true
RCC.48MHZClocksFreq_Value=84000000
RCC.AHBFreq_Value=168000000
RCC.APB1CLKDivider=RCC_HCLK_DIV4
RCC.APB1Freq_Value=42000000
RCC.APB1TimFreq_Value=84000000
RCC.APB2CLKDivider=RCC_HCLK_DIV4
RCC.APB2Freq_Value=42000000
RCC.APB2TimFreq_Value=84000000
RCC.CortexFreq_Value=168000000
RCC.EthernetFreq_Value=168000000
RCC.FCLKCortexFreq_Value=168000000
RCC.FamilyName=M
RCC.HCLKFreq_Value=168000000
RCC.HSE_VALUE=16000000
RCC.HSI_VALUE=16000000
RCC.I2SClocksFreq_Value=192000000
RCC.IPParameters=48MHZClocksFreq_Value,AHBFreq_Value,APB1CLKDivider,APB1Freq_Value,APB1TimFreq_Value,APB2CLKDivider,APB2Freq_Value,APB2TimFreq_Value,CortexFreq_Value,EthernetFreq_Value,FCLKCortexFreq_Value,FamilyName,HCLKFreq_Value,HSE_VALUE,HSI_VALUE,I2SClocksFreq_Value,LSE_VALUE,LSI_VALUE,MCO2PinFreq_Value,PLLCLKFreq_Value,PLLM,PLLN,PLLQCLKFreq_Value,PLLSourceVirtual,RTCFreq_Value,RTCHSEDivFreq_Value,SYSCLKFreq_VALUE,SYSCLKSource,VCOI2SOutputFreq_Value,VCOInputFreq_Value,VCOOutputFreq_Value,VcooutputI2S
RCC.LSE_VALUE=32768
RCC.LSI_VALUE=32000
RCC.MCO2PinFreq_Value=168000000
RCC.PLLCLKFreq_Value=168000000
RCC.PLLM=8
RCC.PLLN=168
RCC.PLLQCLKFreq_Value=84000000
RCC.PLLSourceVirtual=RCC_PLLSOURCE_HSE
RCC.RTCFreq_Value=32000
RCC.RTCHSEDivFreq_Value=8000000
RCC.SYSCLKFreq_VALUE=168000000
RCC.SYSCLKSource=RCC_SYSCLKSOURCE_PLLCLK
RCC.VCOI2SOutputFreq_Value=384000000
RCC.VCOInputFreq_Value=2000000
RCC.VCOOutputFreq_Value=336000000
RCC.VcooutputI2S=192000000
SH.ADCx_IN0.0=ADC1_IN0,IN0
SH.ADCx_IN0.ConfNb=1
SH.ADCx_IN1.0=ADC1_IN1,IN1
SH.ADCx_IN1.ConfNb=1
SH.ADCx_IN10.0=ADC1_IN10,IN10
SH.ADCx_IN10.ConfNb=1
SH.ADCx_IN11.0=ADC1_IN11,IN11
SH.ADCx_IN11.ConfNb=1
SH.ADCx_IN12.0=ADC1_IN12,IN12
SH.ADCx_IN12.ConfNb=1
SH.ADCx_IN13.0=ADC1_IN13,IN13
SH.ADCx_IN13.ConfNb=1
SH.ADCx_IN14.0=ADC1_IN14,IN14
SH.ADCx_IN14.ConfNb=1
SH.ADCx_IN15.0=ADC1_IN15,IN15
SH.ADCx_IN15.ConfNb=1
SH.ADCx_IN2.0=ADC1_IN2,IN2
SH.ADCx_IN2.ConfNb=1
SH.ADCx_IN3.0=ADC1_IN3,IN3
SH.ADCx_IN3.ConfNb=1
SH.ADCx_IN4.0=ADC1_IN4,IN4
SH.ADCx_IN4.ConfNb=1
SH.ADCx_IN5.0=ADC1_IN5,IN5
SH.ADCx_IN5.ConfNb=1
SH.ADCx_IN6.0=ADC1_IN6,IN6
SH.ADCx_IN6.ConfNb=1
SH.ADCx_IN7.0=ADC1_IN7,IN7
SH.ADCx_IN7.ConfNb=1
SH.ADCx_IN8.0=ADC1_IN8,IN8
SH.ADCx_IN8.ConfNb=1
SH.ADCx_IN9.0=ADC1_IN9,IN9
SH.ADCx_IN9.ConfNb=1
SH.S_TIM12_CH1.0=TIM12_CH1,PWM Generation1 CH1
SH.S_TIM12_CH1.ConfNb=1
SH.S_TIM12_CH2.0=TIM12_CH2,PWM Generation2 CH2
SH.S_TIM12_CH2.ConfNb=1
SH.S_TIM1_CH1.0=TIM1_CH1,PWM Generation1 CH1
SH.S_TIM1_CH1.ConfNb=1
SH.S_TIM1_CH2.0=TIM1_CH2,PWM Generation2 CH2
SH.S_TIM1_CH2.ConfNb=1
SH.S_TIM2_CH1_ETR.0=TIM2_CH1,PWM Generation1 CH1
SH.S_TIM2_CH1_ETR.ConfNb=1
SH.S_TIM2_CH2.0=TIM2_CH2,PWM Generation2 CH2
SH.S_TIM2_CH2.ConfNb=1
SH.S_TIM2_CH3.0=TIM2_CH3,PWM Generation3 CH3
SH.S_TIM2_CH3.ConfNb=1
SH.S_TIM2_CH4.0=TIM2_CH4,PWM Generation4 CH4
SH.S_TIM2_CH4.ConfNb=1
SH.S_TIM3_CH1.0=TIM3_CH1,PWM Generation1 CH1
SH.S_TIM3_CH1.ConfNb=1
SH.S_TIM3_CH2.0=TIM3_CH2,PWM Generation2 CH2
SH.S_TIM3_CH2.ConfNb=1
SH.S_TIM3_CH3.0=TIM3_CH3,PWM Generation3 CH3
SH.S_TIM3_CH3.ConfNb=1
SH.S_TIM3_CH4.0=TIM3_CH4,PWM Generation4 CH4
SH.S_TIM3_CH4.ConfNb=1
SH.S_TIM4_CH1.0=TIM4_CH1,PWM Generation1 CH1
SH.S_TIM4_CH1.ConfNb=1
SH.S_TIM4_CH2.0=TIM4_CH2,PWM Generation2 CH2
SH.S_TIM4_CH2.ConfNb=1
SH.S_TIM4_CH3.0=TIM4_CH3,PWM Generation3 CH3
SH.S_TIM4_CH3.ConfNb=1
SH.S_TIM4_CH4.0=TIM4_CH4,PWM Generation4 CH4
SH.S_TIM4_CH4.ConfNb=1
SH.S_TIM8_CH1.0=TIM8_CH1,PWM Generation1 CH1
SH.S_TIM8_CH1.ConfNb=1
SH.S_TIM8_CH2.0=TIM8_CH2,PWM Generation2 CH2
SH.S_TIM8_CH2.ConfNb=1
TIM1.AutoReloadPreload=TIM_AUTORELOAD_PRELOAD_ENABLE
TIM1.Channel-PWM\ Generation1\ CH1=TIM_CHANNEL_1
TIM1.Channel-PWM\ Generation2\ CH2=TIM_CHANNEL_2
TIM1.IPParameters=Channel-PWM Generation1 CH1,Channel-PWM Generation2 CH2,Prescaler,Period,OCPolarity_1,OCPolarity_2,AutoReloadPreload,Pulse-PWM Generation2 CH2,Pulse-PWM Generation1 CH1,OC1Preload_PWM,OC2Preload_PWM
TIM1.OC1Preload_PWM=ENABLE
TIM1.OC2Preload_PWM=ENABLE
TIM1.OCPolarity_1=TIM_OCPOLARITY_LOW
TIM1.OCPolarity_2=TIM_OCPOLARITY_LOW
TIM1.Period=656
TIM1.Prescaler=0
TIM1.Pulse-PWM\ Generation1\ CH1=0
TIM1.Pulse-PWM\ Generation2\ CH2=0
TIM12.Channel-PWM\ Generation1\ CH1=TIM_CHANNEL_1
TIM12.Channel-PWM\ Generation2\ CH2=TIM_CHANNEL_2
TIM12.IPParameters=Channel-PWM Generation1 CH1,Channel-PWM Generation2 CH2,Prescaler,Period,OCPolarity_1,OCPolarity_2,Pulse-PWM Generation1 CH1,Pulse-PWM Generation2 CH2
TIM12.OCPolarity_1=TIM_OCPOLARITY_LOW
TIM12.OCPolarity_2=TIM_OCPOLARITY_LOW
TIM12.Period=656
TIM12.Prescaler=0
TIM12.Pulse-PWM\ Generation1\ CH1=0
TIM12.Pulse-PWM\ Generation2\ CH2=0
TIM2.AutoReloadPreload=TIM_AUTORELOAD_PRELOAD_ENABLE
TIM2.Channel-PWM\ Generation1\ CH1=TIM_CHANNEL_1
TIM2.Channel-PWM\ Generation2\ CH2=TIM_CHANNEL_2
TIM2.Channel-PWM\ Generation3\ CH3=TIM_CHANNEL_3
TIM2.Channel-PWM\ Generation4\ CH4=TIM_CHANNEL_4
TIM2.IPParameters=Channel-PWM Generation1 CH1,Channel-PWM Generation2 CH2,Channel-PWM Generation3 CH3,Channel-PWM Generation4 CH4,Prescaler,Period,OCPolarity_1,OCPolarity_2,OCPolarity_3,OCPolarity_4,AutoReloadPreload,Pulse-PWM Generation1 CH1,Pulse-PWM Generation2 CH2,Pulse-PWM Generation3 CH3,Pulse-PWM Generation4 CH4,TIM_MasterOutputTrigger
TIM2.OCPolarity_1=TIM_OCPOLARITY_LOW
TIM2.OCPolarity_2=TIM_OCPOLARITY_LOW
TIM2.OCPolarity_3=TIM_OCPOLARITY_LOW
TIM2.OCPolarity_4=TIM_OCPOLARITY_LOW
TIM2.Period=656
TIM2.Prescaler=0
TIM2.Pulse-PWM\ Generation1\ CH1=0
TIM2.Pulse-PWM\ Generation2\ CH2=0
TIM2.Pulse-PWM\ Generation3\ CH3=0
TIM2.Pulse-PWM\ Generation4\ CH4=0
TIM2.TIM_MasterOutputTrigger=TIM_TRGO_RESET
TIM3.AutoReloadPreload=TIM_AUTORELOAD_PRELOAD_ENABLE
TIM3.Channel-PWM\ Generation1\ CH1=TIM_CHANNEL_1
TIM3.Channel-PWM\ Generation2\ CH2=TIM_CHANNEL_2
TIM3.Channel-PWM\ Generation3\ CH3=TIM_CHANNEL_3
TIM3.Channel-PWM\ Generation4\ CH4=TIM_CHANNEL_4
TIM3.IPParameters=Channel-PWM Generation1 CH1,Channel-PWM Generation2 CH2,Channel-PWM Generation3 CH3,Channel-PWM Generation4 CH4,Prescaler,Period,OCPolarity_1,OCPolarity_2,OCPolarity_3,OCPolarity_4,AutoReloadPreload,Pulse-PWM Generation1 CH1,Pulse-PWM Generation2 CH2,Pulse-PWM Generation3 CH3,Pulse-PWM Generation4 CH4
TIM3.OCPolarity_1=TIM_OCPOLARITY_LOW
TIM3.OCPolarity_2=TIM_OCPOLARITY_LOW
TIM3.OCPolarity_3=TIM_OCPOLARITY_LOW
TIM3.OCPolarity_4=TIM_OCPOLARITY_LOW
TIM3.Period=656
TIM3.Prescaler=0
TIM3.Pulse-PWM\ Generation1\ CH1=0
TIM3.Pulse-PWM\ Generation2\ CH2=0
TIM3.Pulse-PWM\ Generation3\ CH3=0
TIM3.Pulse-PWM\ Generation4\ CH4=0
TIM4.AutoReloadPreload=TIM_AUTORELOAD_PRELOAD_ENABLE
TIM4.Channel-PWM\ Generation1\ CH1=TIM_CHANNEL_1
TIM4.Channel-PWM\ Generation2\ CH2=TIM_CHANNEL_2
TIM4.Channel-PWM\ Generation3\ CH3=TIM_CHANNEL_3
TIM4.Channel-PWM\ Generation4\ CH4=TIM_CHANNEL_4
TIM4.IPParameters=Channel-PWM Generation1 CH1,Channel-PWM Generation2 CH2,Channel-PWM Generation3 CH3,Channel-PWM Generation4 CH4,Prescaler,Period,OCPolarity_1,OCPolarity_2,OCPolarity_3,OCPolarity_4,AutoReloadPreload,Pulse-PWM Generation1 CH1,Pulse-PWM Generation2 CH2,Pulse-PWM Generation3 CH3
TIM4.OCPolarity_1=TIM_OCPOLARITY_LOW
TIM4.OCPolarity_2=TIM_OCPOLARITY_LOW
TIM4.OCPolarity_3=TIM_OCPOLARITY_LOW
TIM4.OCPolarity_4=TIM_OCPOLARITY_LOW
TIM4.Period=656
TIM4.Prescaler=0
TIM4.Pulse-PWM\ Generation1\ CH1=0
TIM4.Pulse-PWM\ Generation2\ CH2=0
TIM4.Pulse-PWM\ Generation3\ CH3=0
TIM5.AutoReloadPreload=TIM_AUTORELOAD_PRELOAD_ENABLE
TIM5.IPParameters=Prescaler,Period,AutoReloadPreload
TIM5.Period=5999
TIM5.Prescaler=13999
TIM7.IPParameters=Prescaler,Period
TIM7.Period=600
TIM7.Prescaler=140
TIM8.Channel-PWM\ Generation1\ CH1=TIM_CHANNEL_1
TIM8.Channel-PWM\ Generation2\ CH2=TIM_CHANNEL_2
TIM8.IPParameters=Channel-PWM Generation1 CH1,Channel-PWM Generation2 CH2,Prescaler,Period,OCPolarity_1,OCPolarity_2,Pulse-PWM Generation1 CH1,Pulse-PWM Generation2 CH2
TIM8.OCPolarity_1=TIM_OCPOLARITY_LOW
TIM8.OCPolarity_2=TIM_OCPOLARITY_LOW
TIM8.Period=656
TIM8.Prescaler=0
TIM8.Pulse-PWM\ Generation1\ CH1=0
TIM8.Pulse-PWM\ Generation2\ CH2=0
UART5.BaudRate=9600
UART5.IPParameters=VirtualMode,BaudRate,Mode,OverSampling
UART5.Mode=MODE_RX
UART5.OverSampling=UART_OVERSAMPLING_16
UART5.VirtualMode=Asynchronous
VP_CRC_VS_CRC.Mode=CRC_Activate
VP_CRC_VS_CRC.Signal=CRC_VS_CRC
VP_FREERTOS_VS_CMSIS_V2.Mode=CMSIS_V2
VP_FREERTOS_VS_CMSIS_V2.Signal=FREERTOS_VS_CMSIS_V2
VP_SYS_VS_tim6.Mode=TIM6
VP_SYS_VS_tim6.Signal=SYS_VS_tim6
VP_TIM5_VS_ClockSourceINT.Mode=Internal
VP_TIM5_VS_ClockSourceINT.Signal=TIM5_VS_ClockSourceINT
VP_TIM7_VS_ClockSourceINT.Mode=Enable_Timer
VP_TIM7_VS_ClockSourceINT.Signal=TIM7_VS_ClockSourceINT
board=custom
